// !$*UTF8*$!
{
	archiveVersion = 1;
	classes = {
	};
	objectVersion = 55;
	objects = {

/* Begin PBXBuildFile section */
		B52C4C0F284FD4B000874BCD /* ACOApp.swift in Sources */ = {isa = PBXBuildFile; fileRef = B52C4C0E284FD4B000874BCD /* ACOApp.swift */; };
		B52C4C13284FD4B200874BCD /* Assets.xcassets in Resources */ = {isa = PBXBuildFile; fileRef = B52C4C12284FD4B200874BCD /* Assets.xcassets */; };
		B52C4C16284FD4B200874BCD /* Preview Assets.xcassets in Resources */ = {isa = PBXBuildFile; fileRef = B52C4C15284FD4B200874BCD /* Preview Assets.xcassets */; };
		B52C4C20284FDEAD00874BCD /* MapView.swift in Sources */ = {isa = PBXBuildFile; fileRef = B52C4C1F284FDEAD00874BCD /* MapView.swift */; };
		B52C4C22284FE79F00874BCD /* Database.swift in Sources */ = {isa = PBXBuildFile; fileRef = B52C4C21284FE79F00874BCD /* Database.swift */; };
		B52C4C24284FF1EC00874BCD /* CustomAnnotation.swift in Sources */ = {isa = PBXBuildFile; fileRef = B52C4C23284FF1EC00874BCD /* CustomAnnotation.swift */; };
		B52C4C2628500B0500874BCD /* Buttons.swift in Sources */ = {isa = PBXBuildFile; fileRef = B52C4C2528500B0500874BCD /* Buttons.swift */; };
		B55129BE2878A86A00CA852A /* MapBox.swift in Sources */ = {isa = PBXBuildFile; fileRef = B55129BD2878A86A00CA852A /* MapBox.swift */; };
		B5642081285149D5002674A2 /* MapFilter.swift in Sources */ = {isa = PBXBuildFile; fileRef = B5642080285149D5002674A2 /* MapFilter.swift */; };
		B57AE7342850AE8000FBFF94 /* InformationPreview.swift in Sources */ = {isa = PBXBuildFile; fileRef = B57AE7332850AE8000FBFF94 /* InformationPreview.swift */; };
		B57AE7362850AF3800FBFF94 /* DetailView.swift in Sources */ = {isa = PBXBuildFile; fileRef = B57AE7352850AF3800FBFF94 /* DetailView.swift */; };
		B57AE73828513F1500FBFF94 /* PieChart.swift in Sources */ = {isa = PBXBuildFile; fileRef = B57AE73728513F1500FBFF94 /* PieChart.swift */; };
		B57AE73A285140E400FBFF94 /* PieChartView.swift in Sources */ = {isa = PBXBuildFile; fileRef = B57AE739285140E400FBFF94 /* PieChartView.swift */; };
/* End PBXBuildFile section */

/* Begin PBXFileReference section */
		B52C4C0B284FD4B000874BCD /* ACO.app */ = {isa = PBXFileReference; explicitFileType = wrapper.application; includeInIndex = 0; path = ACO.app; sourceTree = BUILT_PRODUCTS_DIR; };
		B52C4C0E284FD4B000874BCD /* ACOApp.swift */ = {isa = PBXFileReference; lastKnownFileType = sourcecode.swift; path = ACOApp.swift; sourceTree = "<group>"; };
		B52C4C12284FD4B200874BCD /* Assets.xcassets */ = {isa = PBXFileReference; lastKnownFileType = folder.assetcatalog; path = Assets.xcassets; sourceTree = "<group>"; };
		B52C4C15284FD4B200874BCD /* Preview Assets.xcassets */ = {isa = PBXFileReference; lastKnownFileType = folder.assetcatalog; path = "Preview Assets.xcassets"; sourceTree = "<group>"; };
		B52C4C1F284FDEAD00874BCD /* MapView.swift */ = {isa = PBXFileReference; lastKnownFileType = sourcecode.swift; path = MapView.swift; sourceTree = "<group>"; };
		B52C4C21284FE79F00874BCD /* Database.swift */ = {isa = PBXFileReference; lastKnownFileType = sourcecode.swift; path = Database.swift; sourceTree = "<group>"; };
		B52C4C23284FF1EC00874BCD /* CustomAnnotation.swift */ = {isa = PBXFileReference; lastKnownFileType = sourcecode.swift; path = CustomAnnotation.swift; sourceTree = "<group>"; };
		B52C4C2528500B0500874BCD /* Buttons.swift */ = {isa = PBXFileReference; lastKnownFileType = sourcecode.swift; path = Buttons.swift; sourceTree = "<group>"; };
		B55129BD2878A86A00CA852A /* MapBox.swift */ = {isa = PBXFileReference; lastKnownFileType = sourcecode.swift; path = MapBox.swift; sourceTree = "<group>"; };
		B5642080285149D5002674A2 /* MapFilter.swift */ = {isa = PBXFileReference; lastKnownFileType = sourcecode.swift; path = MapFilter.swift; sourceTree = "<group>"; };
		B57AE7332850AE8000FBFF94 /* InformationPreview.swift */ = {isa = PBXFileReference; lastKnownFileType = sourcecode.swift; path = InformationPreview.swift; sourceTree = "<group>"; };
		B57AE7352850AF3800FBFF94 /* DetailView.swift */ = {isa = PBXFileReference; lastKnownFileType = sourcecode.swift; path = DetailView.swift; sourceTree = "<group>"; };
		B57AE73728513F1500FBFF94 /* PieChart.swift */ = {isa = PBXFileReference; lastKnownFileType = sourcecode.swift; path = PieChart.swift; sourceTree = "<group>"; };
		B57AE739285140E400FBFF94 /* PieChartView.swift */ = {isa = PBXFileReference; lastKnownFileType = sourcecode.swift; path = PieChartView.swift; sourceTree = "<group>"; };
/* End PBXFileReference section */

/* Begin PBXFrameworksBuildPhase section */
		B52C4C08284FD4B000874BCD /* Frameworks */ = {
			isa = PBXFrameworksBuildPhase;
			buildActionMask = 2147483647;
			files = (
			);
			runOnlyForDeploymentPostprocessing = 0;
		};
/* End PBXFrameworksBuildPhase section */

/* Begin PBXGroup section */
		B52C4C02284FD4B000874BCD = {
			isa = PBXGroup;
			children = (
				B52C4C0D284FD4B000874BCD /* ACO */,
				B52C4C0C284FD4B000874BCD /* Products */,
			);
			sourceTree = "<group>";
		};
		B52C4C0C284FD4B000874BCD /* Products */ = {
			isa = PBXGroup;
			children = (
				B52C4C0B284FD4B000874BCD /* ACO.app */,
			);
			name = Products;
			sourceTree = "<group>";
		};
		B52C4C0D284FD4B000874BCD /* ACO */ = {
			isa = PBXGroup;
			children = (
				B52C4C0E284FD4B000874BCD /* ACOApp.swift */,
				B52C4C1D284FD4D800874BCD /* Components */,
				B52C4C1C284FD4CB00874BCD /* Views */,
				B52C4C1E284FD4E100874BCD /* Database */,
				B52C4C12284FD4B200874BCD /* Assets.xcassets */,
				B52C4C14284FD4B200874BCD /* Preview Content */,
			);
			path = ACO;
			sourceTree = "<group>";
		};
		B52C4C14284FD4B200874BCD /* Preview Content */ = {
			isa = PBXGroup;
			children = (
				B52C4C15284FD4B200874BCD /* Preview Assets.xcassets */,
			);
			path = "Preview Content";
			sourceTree = "<group>";
		};
		B52C4C1C284FD4CB00874BCD /* Views */ = {
			isa = PBXGroup;
			children = (
				B55129BC2878A85E00CA852A /* MapboxMap */,
				B52C4C1F284FDEAD00874BCD /* MapView.swift */,
				B57AE7352850AF3800FBFF94 /* DetailView.swift */,
			);
			path = Views;
			sourceTree = "<group>";
		};
		B52C4C1D284FD4D800874BCD /* Components */ = {
			isa = PBXGroup;
			children = (
				B52C4C23284FF1EC00874BCD /* CustomAnnotation.swift */,
				B52C4C2528500B0500874BCD /* Buttons.swift */,
				B57AE7332850AE8000FBFF94 /* InformationPreview.swift */,
				B57AE73728513F1500FBFF94 /* PieChart.swift */,
				B57AE739285140E400FBFF94 /* PieChartView.swift */,
				B5642080285149D5002674A2 /* MapFilter.swift */,
			);
			path = Components;
			sourceTree = "<group>";
		};
		B52C4C1E284FD4E100874BCD /* Database */ = {
			isa = PBXGroup;
			children = (
				B52C4C21284FE79F00874BCD /* Database.swift */,
			);
			path = Database;
			sourceTree = "<group>";
		};
		B55129BC2878A85E00CA852A /* MapboxMap */ = {
			isa = PBXGroup;
			children = (
				B55129BD2878A86A00CA852A /* MapBox.swift */,
			);
			path = MapboxMap;
			sourceTree = "<group>";
		};
/* End PBXGroup section */

/* Begin PBXNativeTarget section */
		B52C4C0A284FD4B000874BCD /* ACO */ = {
			isa = PBXNativeTarget;
			buildConfigurationList = B52C4C19284FD4B200874BCD /* Build configuration list for PBXNativeTarget "ACO" */;
			buildPhases = (
				B52C4C07284FD4B000874BCD /* Sources */,
				B52C4C08284FD4B000874BCD /* Frameworks */,
				B52C4C09284FD4B000874BCD /* Resources */,
			);
			buildRules = (
			);
			dependencies = (
			);
			name = ACO;
			packageProductDependencies = (
			);
			productName = ACO;
			productReference = B52C4C0B284FD4B000874BCD /* ACO.app */;
			productType = "com.apple.product-type.application";
		};
/* End PBXNativeTarget section */

/* Begin PBXProject section */
		B52C4C03284FD4B000874BCD /* Project object */ = {
			isa = PBXProject;
			attributes = {
				BuildIndependentTargetsInParallel = 1;
				LastSwiftUpdateCheck = 1330;
				LastUpgradeCheck = 1330;
				TargetAttributes = {
					B52C4C0A284FD4B000874BCD = {
						CreatedOnToolsVersion = 13.3.1;
					};
				};
			};
			buildConfigurationList = B52C4C06284FD4B000874BCD /* Build configuration list for PBXProject "ACO" */;
			compatibilityVersion = "Xcode 13.0";
			developmentRegion = en;
			hasScannedForEncodings = 0;
			knownRegions = (
				en,
				Base,
			);
			mainGroup = B52C4C02284FD4B000874BCD;
			packageReferences = (
			);
			productRefGroup = B52C4C0C284FD4B000874BCD /* Products */;
			projectDirPath = "";
			projectRoot = "";
			targets = (
				B52C4C0A284FD4B000874BCD /* ACO */,
			);
		};
/* End PBXProject section */

/* Begin PBXResourcesBuildPhase section */
		B52C4C09284FD4B000874BCD /* Resources */ = {
			isa = PBXResourcesBuildPhase;
			buildActionMask = 2147483647;
			files = (
				B52C4C16284FD4B200874BCD /* Preview Assets.xcassets in Resources */,
				B52C4C13284FD4B200874BCD /* Assets.xcassets in Resources */,
			);
			runOnlyForDeploymentPostprocessing = 0;
		};
/* End PBXResourcesBuildPhase section */

/* Begin PBXSourcesBuildPhase section */
		B52C4C07284FD4B000874BCD /* Sources */ = {
			isa = PBXSourcesBuildPhase;
			buildActionMask = 2147483647;
			files = (
				B5642081285149D5002674A2 /* MapFilter.swift in Sources */,
				B57AE73A285140E400FBFF94 /* PieChartView.swift in Sources */,
				B52C4C2628500B0500874BCD /* Buttons.swift in Sources */,
				B57AE73828513F1500FBFF94 /* PieChart.swift in Sources */,
				B57AE7342850AE8000FBFF94 /* InformationPreview.swift in Sources */,
				B52C4C20284FDEAD00874BCD /* MapView.swift in Sources */,
				B57AE7362850AF3800FBFF94 /* DetailView.swift in Sources */,
				B52C4C22284FE79F00874BCD /* Database.swift in Sources */,
				B52C4C0F284FD4B000874BCD /* ACOApp.swift in Sources */,
				B52C4C24284FF1EC00874BCD /* CustomAnnotation.swift in Sources */,
				B55129BE2878A86A00CA852A /* MapBox.swift in Sources */,
			);
			runOnlyForDeploymentPostprocessing = 0;
		};
/* End PBXSourcesBuildPhase section */

/* Begin XCBuildConfiguration section */
		B52C4C17284FD4B200874BCD /* Debug */ = {
			isa = XCBuildConfiguration;
			buildSettings = {
				ALWAYS_SEARCH_USER_PATHS = NO;
				CLANG_ANALYZER_NONNULL = YES;
				CLANG_ANALYZER_NUMBER_OBJECT_CONVERSION = YES_AGGRESSIVE;
				CLANG_CXX_LANGUAGE_STANDARD = "gnu++17";
				CLANG_ENABLE_MODULES = YES;
				CLANG_ENABLE_OBJC_ARC = YES;
				CLANG_ENABLE_OBJC_WEAK = YES;
				CLANG_WARN_BLOCK_CAPTURE_AUTORELEASING = YES;
				CLANG_WARN_BOOL_CONVERSION = YES;
				CLANG_WARN_COMMA = YES;
				CLANG_WARN_CONSTANT_CONVERSION = YES;
				CLANG_WARN_DEPRECATED_OBJC_IMPLEMENTATIONS = YES;
				CLANG_WARN_DIRECT_OBJC_ISA_USAGE = YES_ERROR;
				CLANG_WARN_DOCUMENTATION_COMMENTS = YES;
				CLANG_WARN_EMPTY_BODY = YES;
				CLANG_WARN_ENUM_CONVERSION = YES;
				CLANG_WARN_INFINITE_RECURSION = YES;
				CLANG_WARN_INT_CONVERSION = YES;
				CLANG_WARN_NON_LITERAL_NULL_CONVERSION = YES;
				CLANG_WARN_OBJC_IMPLICIT_RETAIN_SELF = YES;
				CLANG_WARN_OBJC_LITERAL_CONVERSION = YES;
				CLANG_WARN_OBJC_ROOT_CLASS = YES_ERROR;
				CLANG_WARN_QUOTED_INCLUDE_IN_FRAMEWORK_HEADER = YES;
				CLANG_WARN_RANGE_LOOP_ANALYSIS = YES;
				CLANG_WARN_STRICT_PROTOTYPES = YES;
				CLANG_WARN_SUSPICIOUS_MOVE = YES;
				CLANG_WARN_UNGUARDED_AVAILABILITY = YES_AGGRESSIVE;
				CLANG_WARN_UNREACHABLE_CODE = YES;
				CLANG_WARN__DUPLICATE_METHOD_MATCH = YES;
				COPY_PHASE_STRIP = NO;
				DEBUG_INFORMATION_FORMAT = dwarf;
				ENABLE_STRICT_OBJC_MSGSEND = YES;
				ENABLE_TESTABILITY = YES;
				GCC_C_LANGUAGE_STANDARD = gnu11;
				GCC_DYNAMIC_NO_PIC = NO;
				GCC_NO_COMMON_BLOCKS = YES;
				GCC_OPTIMIZATION_LEVEL = 0;
				GCC_PREPROCESSOR_DEFINITIONS = (
					"DEBUG=1",
					"$(inherited)",
				);
				GCC_WARN_64_TO_32_BIT_CONVERSION = YES;
				GCC_WARN_ABOUT_RETURN_TYPE = YES_ERROR;
				GCC_WARN_UNDECLARED_SELECTOR = YES;
				GCC_WARN_UNINITIALIZED_AUTOS = YES_AGGRESSIVE;
				GCC_WARN_UNUSED_FUNCTION = YES;
				GCC_WARN_UNUSED_VARIABLE = YES;
				IPHONEOS_DEPLOYMENT_TARGET = 15.4;
				MTL_ENABLE_DEBUG_INFO = INCLUDE_SOURCE;
				MTL_FAST_MATH = YES;
				ONLY_ACTIVE_ARCH = YES;
				SDKROOT = iphoneos;
				SWIFT_ACTIVE_COMPILATION_CONDITIONS = DEBUG;
				SWIFT_OPTIMIZATION_LEVEL = "-Onone";
			};
			name = Debug;
		};
		B52C4C18284FD4B200874BCD /* Release */ = {
			isa = XCBuildConfiguration;
			buildSettings = {
				ALWAYS_SEARCH_USER_PATHS = NO;
				CLANG_ANALYZER_NONNULL = YES;
				CLANG_ANALYZER_NUMBER_OBJECT_CONVERSION = YES_AGGRESSIVE;
				CLANG_CXX_LANGUAGE_STANDARD = "gnu++17";
				CLANG_ENABLE_MODULES = YES;
				CLANG_ENABLE_OBJC_ARC = YES;
				CLANG_ENABLE_OBJC_WEAK = YES;
				CLANG_WARN_BLOCK_CAPTURE_AUTORELEASING = YES;
				CLANG_WARN_BOOL_CONVERSION = YES;
				CLANG_WARN_COMMA = YES;
				CLANG_WARN_CONSTANT_CONVERSION = YES;
				CLANG_WARN_DEPRECATED_OBJC_IMPLEMENTATIONS = YES;
				CLANG_WARN_DIRECT_OBJC_ISA_USAGE = YES_ERROR;
				CLANG_WARN_DOCUMENTATION_COMMENTS = YES;
				CLANG_WARN_EMPTY_BODY = YES;
				CLANG_WARN_ENUM_CONVERSION = YES;
				CLANG_WARN_INFINITE_RECURSION = YES;
				CLANG_WARN_INT_CONVERSION = YES;
				CLANG_WARN_NON_LITERAL_NULL_CONVERSION = YES;
				CLANG_WARN_OBJC_IMPLICIT_RETAIN_SELF = YES;
				CLANG_WARN_OBJC_LITERAL_CONVERSION = YES;
				CLANG_WARN_OBJC_ROOT_CLASS = YES_ERROR;
				CLANG_WARN_QUOTED_INCLUDE_IN_FRAMEWORK_HEADER = YES;
				CLANG_WARN_RANGE_LOOP_ANALYSIS = YES;
				CLANG_WARN_STRICT_PROTOTYPES = YES;
				CLANG_WARN_SUSPICIOUS_MOVE = YES;
				CLANG_WARN_UNGUARDED_AVAILABILITY = YES_AGGRESSIVE;
				CLANG_WARN_UNREACHABLE_CODE = YES;
				CLANG_WARN__DUPLICATE_METHOD_MATCH = YES;
				COPY_PHASE_STRIP = NO;
				DEBUG_INFORMATION_FORMAT = "dwarf-with-dsym";
				ENABLE_NS_ASSERTIONS = NO;
				ENABLE_STRICT_OBJC_MSGSEND = YES;
				GCC_C_LANGUAGE_STANDARD = gnu11;
				GCC_NO_COMMON_BLOCKS = YES;
				GCC_WARN_64_TO_32_BIT_CONVERSION = YES;
				GCC_WARN_ABOUT_RETURN_TYPE = YES_ERROR;
				GCC_WARN_UNDECLARED_SELECTOR = YES;
				GCC_WARN_UNINITIALIZED_AUTOS = YES_AGGRESSIVE;
				GCC_WARN_UNUSED_FUNCTION = YES;
				GCC_WARN_UNUSED_VARIABLE = YES;
				IPHONEOS_DEPLOYMENT_TARGET = 15.4;
				MTL_ENABLE_DEBUG_INFO = NO;
				MTL_FAST_MATH = YES;
				SDKROOT = iphoneos;
				SWIFT_COMPILATION_MODE = wholemodule;
				SWIFT_OPTIMIZATION_LEVEL = "-O";
				VALIDATE_PRODUCT = YES;
			};
			name = Release;
		};
		B52C4C1A284FD4B200874BCD /* Debug */ = {
			isa = XCBuildConfiguration;
			buildSettings = {
				ASSETCATALOG_COMPILER_APPICON_NAME = AppIcon;
				ASSETCATALOG_COMPILER_GLOBAL_ACCENT_COLOR_NAME = AccentColor;
				CODE_SIGN_STYLE = Automatic;
				CURRENT_PROJECT_VERSION = 1;
				DEVELOPMENT_ASSET_PATHS = "\"ACO/Preview Content\"";
				DEVELOPMENT_TEAM = VGN77JQ64X;
				ENABLE_PREVIEWS = YES;
				GENERATE_INFOPLIST_FILE = YES;
				INFOPLIST_KEY_UIApplicationSceneManifest_Generation = YES;
				INFOPLIST_KEY_UIApplicationSupportsIndirectInputEvents = YES;
				INFOPLIST_KEY_UILaunchScreen_Generation = YES;
				INFOPLIST_KEY_UISupportedInterfaceOrientations_iPad = "UIInterfaceOrientationPortrait UIInterfaceOrientationPortraitUpsideDown UIInterfaceOrientationLandscapeLeft UIInterfaceOrientationLandscapeRight";
				INFOPLIST_KEY_UISupportedInterfaceOrientations_iPhone = "UIInterfaceOrientationPortrait UIInterfaceOrientationLandscapeLeft UIInterfaceOrientationLandscapeRight";
				LD_RUNPATH_SEARCH_PATHS = (
					"$(inherited)",
					"@executable_path/Frameworks",
				);
				MARKETING_VERSION = 1.0;
				PRODUCT_BUNDLE_IDENTIFIER = janos.wartig.ACO;
				PRODUCT_NAME = "$(TARGET_NAME)";
				SWIFT_EMIT_LOC_STRINGS = YES;
				SWIFT_VERSION = 5.0;
				TARGETED_DEVICE_FAMILY = "1,2";
			};
			name = Debug;
		};
		B52C4C1B284FD4B200874BCD /* Release */ = {
			isa = XCBuildConfiguration;
			buildSettings = {
				ASSETCATALOG_COMPILER_APPICON_NAME = AppIcon;
				ASSETCATALOG_COMPILER_GLOBAL_ACCENT_COLOR_NAME = AccentColor;
				CODE_SIGN_STYLE = Automatic;
				CURRENT_PROJECT_VERSION = 1;
				DEVELOPMENT_ASSET_PATHS = "\"ACO/Preview Content\"";
				DEVELOPMENT_TEAM = VGN77JQ64X;
				ENABLE_PREVIEWS = YES;
				GENERATE_INFOPLIST_FILE = YES;
				INFOPLIST_KEY_UIApplicationSceneManifest_Generation = YES;
				INFOPLIST_KEY_UIApplicationSupportsIndirectInputEvents = YES;
				INFOPLIST_KEY_UILaunchScreen_Generation = YES;
				INFOPLIST_KEY_UISupportedInterfaceOrientations_iPad = "UIInterfaceOrientationPortrait UIInterfaceOrientationPortraitUpsideDown UIInterfaceOrientationLandscapeLeft UIInterfaceOrientationLandscapeRight";
				INFOPLIST_KEY_UISupportedInterfaceOrientations_iPhone = "UIInterfaceOrientationPortrait UIInterfaceOrientationLandscapeLeft UIInterfaceOrientationLandscapeRight";
				LD_RUNPATH_SEARCH_PATHS = (
					"$(inherited)",
					"@executable_path/Frameworks",
				);
				MARKETING_VERSION = 1.0;
				PRODUCT_BUNDLE_IDENTIFIER = janos.wartig.ACO;
				PRODUCT_NAME = "$(TARGET_NAME)";
				SWIFT_EMIT_LOC_STRINGS = YES;
				SWIFT_VERSION = 5.0;
				TARGETED_DEVICE_FAMILY = "1,2";
			};
			name = Release;
		};
/* End XCBuildConfiguration section */

/* Begin XCConfigurationList section */
		B52C4C06284FD4B000874BCD /* Build configuration list for PBXProject "ACO" */ = {
			isa = XCConfigurationList;
			buildConfigurations = (
				B52C4C17284FD4B200874BCD /* Debug */,
				B52C4C18284FD4B200874BCD /* Release */,
			);
			defaultConfigurationIsVisible = 0;
			defaultConfigurationName = Release;
		};
		B52C4C19284FD4B200874BCD /* Build configuration list for PBXNativeTarget "ACO" */ = {
			isa = XCConfigurationList;
			buildConfigurations = (
				B52C4C1A284FD4B200874BCD /* Debug */,
				B52C4C1B284FD4B200874BCD /* Release */,
			);
			defaultConfigurationIsVisible = 0;
			defaultConfigurationName = Release;
		};
/* End XCConfigurationList section */
	};
	rootObject = B52C4C03284FD4B000874BCD /* Project object */;
}
